// !$*UTF8*$!
{
	archiveVersion = 1;
	classes = {
	};
	objectVersion = 50;
	objects = {

/* Begin PBXBuildFile section */
		74C043F425E5DCA100F6555A /* AppDelegate.swift in Sources */ = {isa = PBXBuildFile; fileRef = 74C043F325E5DCA100F6555A /* AppDelegate.swift */; };
		74C043F625E5DCA100F6555A /* SceneDelegate.swift in Sources */ = {isa = PBXBuildFile; fileRef = 74C043F525E5DCA100F6555A /* SceneDelegate.swift */; };
		74C043F825E5DCA100F6555A /* ViewController.swift in Sources */ = {isa = PBXBuildFile; fileRef = 74C043F725E5DCA100F6555A /* ViewController.swift */; };
		74C043FB25E5DCA100F6555A /* Main.storyboard in Resources */ = {isa = PBXBuildFile; fileRef = 74C043F925E5DCA100F6555A /* Main.storyboard */; };
		74C043FE25E5DCA100F6555A /* EasyBake_UIKit.xcdatamodeld in Sources */ = {isa = PBXBuildFile; fileRef = 74C043FC25E5DCA100F6555A /* EasyBake_UIKit.xcdatamodeld */; };
		74C0440025E5DCA300F6555A /* Assets.xcassets in Resources */ = {isa = PBXBuildFile; fileRef = 74C043FF25E5DCA300F6555A /* Assets.xcassets */; };
		74C0440325E5DCA300F6555A /* LaunchScreen.storyboard in Resources */ = {isa = PBXBuildFile; fileRef = 74C0440125E5DCA300F6555A /* LaunchScreen.storyboard */; };
		74C0440E25E5DCA300F6555A /* EasyBake_UIKitTests.swift in Sources */ = {isa = PBXBuildFile; fileRef = 74C0440D25E5DCA300F6555A /* EasyBake_UIKitTests.swift */; };
		74C0441925E5DCA300F6555A /* EasyBake_UIKitUITests.swift in Sources */ = {isa = PBXBuildFile; fileRef = 74C0441825E5DCA300F6555A /* EasyBake_UIKitUITests.swift */; };
/* End PBXBuildFile section */

/* Begin PBXContainerItemProxy section */
		74C0440A25E5DCA300F6555A /* PBXContainerItemProxy */ = {
			isa = PBXContainerItemProxy;
			containerPortal = 74C043E825E5DCA100F6555A /* Project object */;
			proxyType = 1;
			remoteGlobalIDString = 74C043EF25E5DCA100F6555A;
			remoteInfo = "EasyBake-UIKit";
		};
		74C0441525E5DCA300F6555A /* PBXContainerItemProxy */ = {
			isa = PBXContainerItemProxy;
			containerPortal = 74C043E825E5DCA100F6555A /* Project object */;
			proxyType = 1;
			remoteGlobalIDString = 74C043EF25E5DCA100F6555A;
			remoteInfo = "EasyBake-UIKit";
		};
/* End PBXContainerItemProxy section */

/* Begin PBXFileReference section */
		74C043F025E5DCA100F6555A /* EasyBake-UIKit.app */ = {isa = PBXFileReference; explicitFileType = wrapper.application; includeInIndex = 0; path = "EasyBake-UIKit.app"; sourceTree = BUILT_PRODUCTS_DIR; };
		74C043F325E5DCA100F6555A /* AppDelegate.swift */ = {isa = PBXFileReference; lastKnownFileType = sourcecode.swift; path = AppDelegate.swift; sourceTree = "<group>"; };
		74C043F525E5DCA100F6555A /* SceneDelegate.swift */ = {isa = PBXFileReference; lastKnownFileType = sourcecode.swift; path = SceneDelegate.swift; sourceTree = "<group>"; };
		74C043F725E5DCA100F6555A /* ViewController.swift */ = {isa = PBXFileReference; lastKnownFileType = sourcecode.swift; path = ViewController.swift; sourceTree = "<group>"; };
		74C043FA25E5DCA100F6555A /* Base */ = {isa = PBXFileReference; lastKnownFileType = file.storyboard; name = Base; path = Base.lproj/Main.storyboard; sourceTree = "<group>"; };
		74C043FD25E5DCA100F6555A /* EasyBake_UIKit.xcdatamodel */ = {isa = PBXFileReference; lastKnownFileType = wrapper.xcdatamodel; path = EasyBake_UIKit.xcdatamodel; sourceTree = "<group>"; };
		74C043FF25E5DCA300F6555A /* Assets.xcassets */ = {isa = PBXFileReference; lastKnownFileType = folder.assetcatalog; path = Assets.xcassets; sourceTree = "<group>"; };
		74C0440225E5DCA300F6555A /* Base */ = {isa = PBXFileReference; lastKnownFileType = file.storyboard; name = Base; path = Base.lproj/LaunchScreen.storyboard; sourceTree = "<group>"; };
		74C0440425E5DCA300F6555A /* Info.plist */ = {isa = PBXFileReference; lastKnownFileType = text.plist.xml; path = Info.plist; sourceTree = "<group>"; };
		74C0440925E5DCA300F6555A /* EasyBake-UIKitTests.xctest */ = {isa = PBXFileReference; explicitFileType = wrapper.cfbundle; includeInIndex = 0; path = "EasyBake-UIKitTests.xctest"; sourceTree = BUILT_PRODUCTS_DIR; };
		74C0440D25E5DCA300F6555A /* EasyBake_UIKitTests.swift */ = {isa = PBXFileReference; lastKnownFileType = sourcecode.swift; path = EasyBake_UIKitTests.swift; sourceTree = "<group>"; };
		74C0440F25E5DCA300F6555A /* Info.plist */ = {isa = PBXFileReference; lastKnownFileType = text.plist.xml; path = Info.plist; sourceTree = "<group>"; };
		74C0441425E5DCA300F6555A /* EasyBake-UIKitUITests.xctest */ = {isa = PBXFileReference; explicitFileType = wrapper.cfbundle; includeInIndex = 0; path = "EasyBake-UIKitUITests.xctest"; sourceTree = BUILT_PRODUCTS_DIR; };
		74C0441825E5DCA300F6555A /* EasyBake_UIKitUITests.swift */ = {isa = PBXFileReference; lastKnownFileType = sourcecode.swift; path = EasyBake_UIKitUITests.swift; sourceTree = "<group>"; };
		74C0441A25E5DCA300F6555A /* Info.plist */ = {isa = PBXFileReference; lastKnownFileType = text.plist.xml; path = Info.plist; sourceTree = "<group>"; };
/* End PBXFileReference section */

/* Begin PBXFrameworksBuildPhase section */
		74C043ED25E5DCA100F6555A /* Frameworks */ = {
			isa = PBXFrameworksBuildPhase;
			buildActionMask = 2147483647;
			files = (
			);
			runOnlyForDeploymentPostprocessing = 0;
		};
		74C0440625E5DCA300F6555A /* Frameworks */ = {
			isa = PBXFrameworksBuildPhase;
			buildActionMask = 2147483647;
			files = (
			);
			runOnlyForDeploymentPostprocessing = 0;
		};
		74C0441125E5DCA300F6555A /* Frameworks */ = {
			isa = PBXFrameworksBuildPhase;
			buildActionMask = 2147483647;
			files = (
			);
			runOnlyForDeploymentPostprocessing = 0;
		};
/* End PBXFrameworksBuildPhase section */

/* Begin PBXGroup section */
		74C043E725E5DCA100F6555A = {
			isa = PBXGroup;
			children = (
				74C043F225E5DCA100F6555A /* EasyBake-UIKit */,
				74C0440C25E5DCA300F6555A /* EasyBake-UIKitTests */,
				74C0441725E5DCA300F6555A /* EasyBake-UIKitUITests */,
				74C043F125E5DCA100F6555A /* Products */,
			);
			sourceTree = "<group>";
		};
		74C043F125E5DCA100F6555A /* Products */ = {
			isa = PBXGroup;
			children = (
				74C043F025E5DCA100F6555A /* EasyBake-UIKit.app */,
				74C0440925E5DCA300F6555A /* EasyBake-UIKitTests.xctest */,
				74C0441425E5DCA300F6555A /* EasyBake-UIKitUITests.xctest */,
			);
			name = Products;
			sourceTree = "<group>";
		};
		74C043F225E5DCA100F6555A /* EasyBake-UIKit */ = {
			isa = PBXGroup;
			children = (
				74C043F325E5DCA100F6555A /* AppDelegate.swift */,
				74C043F525E5DCA100F6555A /* SceneDelegate.swift */,
				74C043F725E5DCA100F6555A /* ViewController.swift */,
				74C043F925E5DCA100F6555A /* Main.storyboard */,
				74C043FF25E5DCA300F6555A /* Assets.xcassets */,
				74C0440125E5DCA300F6555A /* LaunchScreen.storyboard */,
				74C0440425E5DCA300F6555A /* Info.plist */,
				74C043FC25E5DCA100F6555A /* EasyBake_UIKit.xcdatamodeld */,
			);
			path = "EasyBake-UIKit";
			sourceTree = "<group>";
		};
		74C0440C25E5DCA300F6555A /* EasyBake-UIKitTests */ = {
			isa = PBXGroup;
			children = (
				74C0440D25E5DCA300F6555A /* EasyBake_UIKitTests.swift */,
				74C0440F25E5DCA300F6555A /* Info.plist */,
			);
			path = "EasyBake-UIKitTests";
			sourceTree = "<group>";
		};
		74C0441725E5DCA300F6555A /* EasyBake-UIKitUITests */ = {
			isa = PBXGroup;
			children = (
				74C0441825E5DCA300F6555A /* EasyBake_UIKitUITests.swift */,
				74C0441A25E5DCA300F6555A /* Info.plist */,
			);
			path = "EasyBake-UIKitUITests";
			sourceTree = "<group>";
		};
/* End PBXGroup section */

/* Begin PBXNativeTarget section */
		74C043EF25E5DCA100F6555A /* EasyBake-UIKit */ = {
			isa = PBXNativeTarget;
			buildConfigurationList = 74C0441D25E5DCA300F6555A /* Build configuration list for PBXNativeTarget "EasyBake-UIKit" */;
			buildPhases = (
				74C043EC25E5DCA100F6555A /* Sources */,
				74C043ED25E5DCA100F6555A /* Frameworks */,
				74C043EE25E5DCA100F6555A /* Resources */,
			);
			buildRules = (
			);
			dependencies = (
			);
			name = "EasyBake-UIKit";
			productName = "EasyBake-UIKit";
			productReference = 74C043F025E5DCA100F6555A /* EasyBake-UIKit.app */;
			productType = "com.apple.product-type.application";
		};
		74C0440825E5DCA300F6555A /* EasyBake-UIKitTests */ = {
			isa = PBXNativeTarget;
			buildConfigurationList = 74C0442025E5DCA300F6555A /* Build configuration list for PBXNativeTarget "EasyBake-UIKitTests" */;
			buildPhases = (
				74C0440525E5DCA300F6555A /* Sources */,
				74C0440625E5DCA300F6555A /* Frameworks */,
				74C0440725E5DCA300F6555A /* Resources */,
			);
			buildRules = (
			);
			dependencies = (
				74C0440B25E5DCA300F6555A /* PBXTargetDependency */,
			);
			name = "EasyBake-UIKitTests";
			productName = "EasyBake-UIKitTests";
			productReference = 74C0440925E5DCA300F6555A /* EasyBake-UIKitTests.xctest */;
			productType = "com.apple.product-type.bundle.unit-test";
		};
		74C0441325E5DCA300F6555A /* EasyBake-UIKitUITests */ = {
			isa = PBXNativeTarget;
			buildConfigurationList = 74C0442325E5DCA300F6555A /* Build configuration list for PBXNativeTarget "EasyBake-UIKitUITests" */;
			buildPhases = (
				74C0441025E5DCA300F6555A /* Sources */,
				74C0441125E5DCA300F6555A /* Frameworks */,
				74C0441225E5DCA300F6555A /* Resources */,
			);
			buildRules = (
			);
			dependencies = (
				74C0441625E5DCA300F6555A /* PBXTargetDependency */,
			);
			name = "EasyBake-UIKitUITests";
			productName = "EasyBake-UIKitUITests";
			productReference = 74C0441425E5DCA300F6555A /* EasyBake-UIKitUITests.xctest */;
			productType = "com.apple.product-type.bundle.ui-testing";
		};
/* End PBXNativeTarget section */

/* Begin PBXProject section */
		74C043E825E5DCA100F6555A /* Project object */ = {
			isa = PBXProject;
			attributes = {
				LastSwiftUpdateCheck = 1240;
				LastUpgradeCheck = 1240;
				TargetAttributes = {
					74C043EF25E5DCA100F6555A = {
						CreatedOnToolsVersion = 12.4;
					};
					74C0440825E5DCA300F6555A = {
						CreatedOnToolsVersion = 12.4;
						TestTargetID = 74C043EF25E5DCA100F6555A;
					};
					74C0441325E5DCA300F6555A = {
						CreatedOnToolsVersion = 12.4;
						TestTargetID = 74C043EF25E5DCA100F6555A;
					};
				};
			};
			buildConfigurationList = 74C043EB25E5DCA100F6555A /* Build configuration list for PBXProject "EasyBake-UIKit" */;
			compatibilityVersion = "Xcode 9.3";
			developmentRegion = en;
			hasScannedForEncodings = 0;
			knownRegions = (
				en,
				Base,
			);
			mainGroup = 74C043E725E5DCA100F6555A;
			productRefGroup = 74C043F125E5DCA100F6555A /* Products */;
			projectDirPath = "";
			projectRoot = "";
			targets = (
				74C043EF25E5DCA100F6555A /* EasyBake-UIKit */,
				74C0440825E5DCA300F6555A /* EasyBake-UIKitTests */,
				74C0441325E5DCA300F6555A /* EasyBake-UIKitUITests */,
			);
		};
/* End PBXProject section */

/* Begin PBXResourcesBuildPhase section */
		74C043EE25E5DCA100F6555A /* Resources */ = {
			isa = PBXResourcesBuildPhase;
			buildActionMask = 2147483647;
			files = (
				74C0440325E5DCA300F6555A /* LaunchScreen.storyboard in Resources */,
				74C0440025E5DCA300F6555A /* Assets.xcassets in Resources */,
				74C043FB25E5DCA100F6555A /* Main.storyboard in Resources */,
			);
			runOnlyForDeploymentPostprocessing = 0;
		};
		74C0440725E5DCA300F6555A /* Resources */ = {
			isa = PBXResourcesBuildPhase;
			buildActionMask = 2147483647;
			files = (
			);
			runOnlyForDeploymentPostprocessing = 0;
		};
		74C0441225E5DCA300F6555A /* Resources */ = {
			isa = PBXResourcesBuildPhase;
			buildActionMask = 2147483647;
			files = (
			);
			runOnlyForDeploymentPostprocessing = 0;
		};
/* End PBXResourcesBuildPhase section */

/* Begin PBXSourcesBuildPhase section */
		74C043EC25E5DCA100F6555A /* Sources */ = {
			isa = PBXSourcesBuildPhase;
			buildActionMask = 2147483647;
			files = (
				74C043F825E5DCA100F6555A /* ViewController.swift in Sources */,
				74C043FE25E5DCA100F6555A /* EasyBake_UIKit.xcdatamodeld in Sources */,
				74C043F425E5DCA100F6555A /* AppDelegate.swift in Sources */,
				74C043F625E5DCA100F6555A /* SceneDelegate.swift in Sources */,
			);
			runOnlyForDeploymentPostprocessing = 0;
		};
		74C0440525E5DCA300F6555A /* Sources */ = {
			isa = PBXSourcesBuildPhase;
			buildActionMask = 2147483647;
			files = (
				74C0440E25E5DCA300F6555A /* EasyBake_UIKitTests.swift in Sources */,
			);
			runOnlyForDeploymentPostprocessing = 0;
		};
		74C0441025E5DCA300F6555A /* Sources */ = {
			isa = PBXSourcesBuildPhase;
			buildActionMask = 2147483647;
			files = (
				74C0441925E5DCA300F6555A /* EasyBake_UIKitUITests.swift in Sources */,
			);
			runOnlyForDeploymentPostprocessing = 0;
		};
/* End PBXSourcesBuildPhase section */

/* Begin PBXTargetDependency section */
		74C0440B25E5DCA300F6555A /* PBXTargetDependency */ = {
			isa = PBXTargetDependency;
			target = 74C043EF25E5DCA100F6555A /* EasyBake-UIKit */;
			targetProxy = 74C0440A25E5DCA300F6555A /* PBXContainerItemProxy */;
		};
		74C0441625E5DCA300F6555A /* PBXTargetDependency */ = {
			isa = PBXTargetDependency;
			target = 74C043EF25E5DCA100F6555A /* EasyBake-UIKit */;
			targetProxy = 74C0441525E5DCA300F6555A /* PBXContainerItemProxy */;
		};
/* End PBXTargetDependency section */

/* Begin PBXVariantGroup section */
		74C043F925E5DCA100F6555A /* Main.storyboard */ = {
			isa = PBXVariantGroup;
			children = (
				74C043FA25E5DCA100F6555A /* Base */,
			);
			name = Main.storyboard;
			sourceTree = "<group>";
		};
		74C0440125E5DCA300F6555A /* LaunchScreen.storyboard */ = {
			isa = PBXVariantGroup;
			children = (
				74C0440225E5DCA300F6555A /* Base */,
			);
			name = LaunchScreen.storyboard;
			sourceTree = "<group>";
		};
/* End PBXVariantGroup section */

/* Begin XCBuildConfiguration section */
		74C0441B25E5DCA300F6555A /* Debug */ = {
			isa = XCBuildConfiguration;
			buildSettings = {
				ALWAYS_SEARCH_USER_PATHS = NO;
				CLANG_ANALYZER_NONNULL = YES;
				CLANG_ANALYZER_NUMBER_OBJECT_CONVERSION = YES_AGGRESSIVE;
				CLANG_CXX_LANGUAGE_STANDARD = "gnu++14";
				CLANG_CXX_LIBRARY = "libc++";
				CLANG_ENABLE_MODULES = YES;
				CLANG_ENABLE_OBJC_ARC = YES;
				CLANG_ENABLE_OBJC_WEAK = YES;
				CLANG_WARN_BLOCK_CAPTURE_AUTORELEASING = YES;
				CLANG_WARN_BOOL_CONVERSION = YES;
				CLANG_WARN_COMMA = YES;
				CLANG_WARN_CONSTANT_CONVERSION = YES;
				CLANG_WARN_DEPRECATED_OBJC_IMPLEMENTATIONS = YES;
				CLANG_WARN_DIRECT_OBJC_ISA_USAGE = YES_ERROR;
				CLANG_WARN_DOCUMENTATION_COMMENTS = YES;
				CLANG_WARN_EMPTY_BODY = YES;
				CLANG_WARN_ENUM_CONVERSION = YES;
				CLANG_WARN_INFINITE_RECURSION = YES;
				CLANG_WARN_INT_CONVERSION = YES;
				CLANG_WARN_NON_LITERAL_NULL_CONVERSION = YES;
				CLANG_WARN_OBJC_IMPLICIT_RETAIN_SELF = YES;
				CLANG_WARN_OBJC_LITERAL_CONVERSION = YES;
				CLANG_WARN_OBJC_ROOT_CLASS = YES_ERROR;
				CLANG_WARN_QUOTED_INCLUDE_IN_FRAMEWORK_HEADER = YES;
				CLANG_WARN_RANGE_LOOP_ANALYSIS = YES;
				CLANG_WARN_STRICT_PROTOTYPES = YES;
				CLANG_WARN_SUSPICIOUS_MOVE = YES;
				CLANG_WARN_UNGUARDED_AVAILABILITY = YES_AGGRESSIVE;
				CLANG_WARN_UNREACHABLE_CODE = YES;
				CLANG_WARN__DUPLICATE_METHOD_MATCH = YES;
				COPY_PHASE_STRIP = NO;
				DEBUG_INFORMATION_FORMAT = dwarf;
				ENABLE_STRICT_OBJC_MSGSEND = YES;
				ENABLE_TESTABILITY = YES;
				GCC_C_LANGUAGE_STANDARD = gnu11;
				GCC_DYNAMIC_NO_PIC = NO;
				GCC_NO_COMMON_BLOCKS = YES;
				GCC_OPTIMIZATION_LEVEL = 0;
				GCC_PREPROCESSOR_DEFINITIONS = (
					"DEBUG=1",
					"$(inherited)",
				);
				GCC_WARN_64_TO_32_BIT_CONVERSION = YES;
				GCC_WARN_ABOUT_RETURN_TYPE = YES_ERROR;
				GCC_WARN_UNDECLARED_SELECTOR = YES;
				GCC_WARN_UNINITIALIZED_AUTOS = YES_AGGRESSIVE;
				GCC_WARN_UNUSED_FUNCTION = YES;
				GCC_WARN_UNUSED_VARIABLE = YES;
				IPHONEOS_DEPLOYMENT_TARGET = 14.4;
				MTL_ENABLE_DEBUG_INFO = INCLUDE_SOURCE;
				MTL_FAST_MATH = YES;
				ONLY_ACTIVE_ARCH = YES;
				SDKROOT = iphoneos;
				SWIFT_ACTIVE_COMPILATION_CONDITIONS = DEBUG;
				SWIFT_OPTIMIZATION_LEVEL = "-Onone";
			};
			name = Debug;
		};
		74C0441C25E5DCA300F6555A /* Release */ = {
			isa = XCBuildConfiguration;
			buildSettings = {
				ALWAYS_SEARCH_USER_PATHS = NO;
				CLANG_ANALYZER_NONNULL = YES;
				CLANG_ANALYZER_NUMBER_OBJECT_CONVERSION = YES_AGGRESSIVE;
				CLANG_CXX_LANGUAGE_STANDARD = "gnu++14";
				CLANG_CXX_LIBRARY = "libc++";
				CLANG_ENABLE_MODULES = YES;
				CLANG_ENABLE_OBJC_ARC = YES;
				CLANG_ENABLE_OBJC_WEAK = YES;
				CLANG_WARN_BLOCK_CAPTURE_AUTORELEASING = YES;
				CLANG_WARN_BOOL_CONVERSION = YES;
				CLANG_WARN_COMMA = YES;
				CLANG_WARN_CONSTANT_CONVERSION = YES;
				CLANG_WARN_DEPRECATED_OBJC_IMPLEMENTATIONS = YES;
				CLANG_WARN_DIRECT_OBJC_ISA_USAGE = YES_ERROR;
				CLANG_WARN_DOCUMENTATION_COMMENTS = YES;
				CLANG_WARN_EMPTY_BODY = YES;
				CLANG_WARN_ENUM_CONVERSION = YES;
				CLANG_WARN_INFINITE_RECURSION = YES;
				CLANG_WARN_INT_CONVERSION = YES;
				CLANG_WARN_NON_LITERAL_NULL_CONVERSION = YES;
				CLANG_WARN_OBJC_IMPLICIT_RETAIN_SELF = YES;
				CLANG_WARN_OBJC_LITERAL_CONVERSION = YES;
				CLANG_WARN_OBJC_ROOT_CLASS = YES_ERROR;
				CLANG_WARN_QUOTED_INCLUDE_IN_FRAMEWORK_HEADER = YES;
				CLANG_WARN_RANGE_LOOP_ANALYSIS = YES;
				CLANG_WARN_STRICT_PROTOTYPES = YES;
				CLANG_WARN_SUSPICIOUS_MOVE = YES;
				CLANG_WARN_UNGUARDED_AVAILABILITY = YES_AGGRESSIVE;
				CLANG_WARN_UNREACHABLE_CODE = YES;
				CLANG_WARN__DUPLICATE_METHOD_MATCH = YES;
				COPY_PHASE_STRIP = NO;
				DEBUG_INFORMATION_FORMAT = "dwarf-with-dsym";
				ENABLE_NS_ASSERTIONS = NO;
				ENABLE_STRICT_OBJC_MSGSEND = YES;
				GCC_C_LANGUAGE_STANDARD = gnu11;
				GCC_NO_COMMON_BLOCKS = YES;
				GCC_WARN_64_TO_32_BIT_CONVERSION = YES;
				GCC_WARN_ABOUT_RETURN_TYPE = YES_ERROR;
				GCC_WARN_UNDECLARED_SELECTOR = YES;
				GCC_WARN_UNINITIALIZED_AUTOS = YES_AGGRESSIVE;
				GCC_WARN_UNUSED_FUNCTION = YES;
				GCC_WARN_UNUSED_VARIABLE = YES;
				IPHONEOS_DEPLOYMENT_TARGET = 14.4;
				MTL_ENABLE_DEBUG_INFO = NO;
				MTL_FAST_MATH = YES;
				SDKROOT = iphoneos;
				SWIFT_COMPILATION_MODE = wholemodule;
				SWIFT_OPTIMIZATION_LEVEL = "-O";
				VALIDATE_PRODUCT = YES;
			};
			name = Release;
		};
		74C0441E25E5DCA300F6555A /* Debug */ = {
			isa = XCBuildConfiguration;
			buildSettings = {
				ASSETCATALOG_COMPILER_APPICON_NAME = AppIcon;
				ASSETCATALOG_COMPILER_GLOBAL_ACCENT_COLOR_NAME = AccentColor;
				CODE_SIGN_STYLE = Automatic;
				DEVELOPMENT_TEAM = NSZU4CK89A;
				INFOPLIST_FILE = "EasyBake-UIKit/Info.plist";
				LD_RUNPATH_SEARCH_PATHS = (
					"$(inherited)",
					"@executable_path/Frameworks",
				);
				PRODUCT_BUNDLE_IDENTIFIER = "Uni.EasyBake-UIKit";
				PRODUCT_NAME = "$(TARGET_NAME)";
				SWIFT_VERSION = 5.0;
				TARGETED_DEVICE_FAMILY = "1,2";
			};
			name = Debug;
		};
		74C0441F25E5DCA300F6555A /* Release */ = {
			isa = XCBuildConfiguration;
			buildSettings = {
				ASSETCATALOG_COMPILER_APPICON_NAME = AppIcon;
				ASSETCATALOG_COMPILER_GLOBAL_ACCENT_COLOR_NAME = AccentColor;
				CODE_SIGN_STYLE = Automatic;
				DEVELOPMENT_TEAM = NSZU4CK89A;
				INFOPLIST_FILE = "EasyBake-UIKit/Info.plist";
				LD_RUNPATH_SEARCH_PATHS = (
					"$(inherited)",
					"@executable_path/Frameworks",
				);
				PRODUCT_BUNDLE_IDENTIFIER = "Uni.EasyBake-UIKit";
				PRODUCT_NAME = "$(TARGET_NAME)";
				SWIFT_VERSION = 5.0;
				TARGETED_DEVICE_FAMILY = "1,2";
			};
			name = Release;
		};
		74C0442125E5DCA300F6555A /* Debug */ = {
			isa = XCBuildConfiguration;
			buildSettings = {
				ALWAYS_EMBED_SWIFT_STANDARD_LIBRARIES = YES;
				BUNDLE_LOADER = "$(TEST_HOST)";
				CODE_SIGN_STYLE = Automatic;
				DEVELOPMENT_TEAM = NSZU4CK89A;
				INFOPLIST_FILE = "EasyBake-UIKitTests/Info.plist";
				IPHONEOS_DEPLOYMENT_TARGET = 14.4;
				LD_RUNPATH_SEARCH_PATHS = (
					"$(inherited)",
					"@executable_path/Frameworks",
					"@loader_path/Frameworks",
				);
				PRODUCT_BUNDLE_IDENTIFIER = "Uni.EasyBake-UIKitTests";
				PRODUCT_NAME = "$(TARGET_NAME)";
				SWIFT_VERSION = 5.0;
				TARGETED_DEVICE_FAMILY = "1,2";
				TEST_HOST = "$(BUILT_PRODUCTS_DIR)/EasyBake-UIKit.app/EasyBake-UIKit";
			};
			name = Debug;
		};
		74C0442225E5DCA300F6555A /* Release */ = {
			isa = XCBuildConfiguration;
			buildSettings = {
				ALWAYS_EMBED_SWIFT_STANDARD_LIBRARIES = YES;
				BUNDLE_LOADER = "$(TEST_HOST)";
				CODE_SIGN_STYLE = Automatic;
				DEVELOPMENT_TEAM = NSZU4CK89A;
				INFOPLIST_FILE = "EasyBake-UIKitTests/Info.plist";
				IPHONEOS_DEPLOYMENT_TARGET = 14.4;
				LD_RUNPATH_SEARCH_PATHS = (
					"$(inherited)",
					"@executable_path/Frameworks",
					"@loader_path/Frameworks",
				);
				PRODUCT_BUNDLE_IDENTIFIER = "Uni.EasyBake-UIKitTests";
				PRODUCT_NAME = "$(TARGET_NAME)";
				SWIFT_VERSION = 5.0;
				TARGETED_DEVICE_FAMILY = "1,2";
				TEST_HOST = "$(BUILT_PRODUCTS_DIR)/EasyBake-UIKit.app/EasyBake-UIKit";
			};
			name = Release;
		};
		74C0442425E5DCA300F6555A /* Debug */ = {
			isa = XCBuildConfiguration;
			buildSettings = {
				ALWAYS_EMBED_SWIFT_STANDARD_LIBRARIES = YES;
				CODE_SIGN_STYLE = Automatic;
				DEVELOPMENT_TEAM = NSZU4CK89A;
				INFOPLIST_FILE = "EasyBake-UIKitUITests/Info.plist";
				LD_RUNPATH_SEARCH_PATHS = (
					"$(inherited)",
					"@executable_path/Frameworks",
					"@loader_path/Frameworks",
				);
				PRODUCT_BUNDLE_IDENTIFIER = "Uni.EasyBake-UIKitUITests";
				PRODUCT_NAME = "$(TARGET_NAME)";
				SWIFT_VERSION = 5.0;
				TARGETED_DEVICE_FAMILY = "1,2";
				TEST_TARGET_NAME = "EasyBake-UIKit";
			};
			name = Debug;
		};
		74C0442525E5DCA300F6555A /* Release */ = {
			isa = XCBuildConfiguration;
			buildSettings = {
				ALWAYS_EMBED_SWIFT_STANDARD_LIBRARIES = YES;
				CODE_SIGN_STYLE = Automatic;
				DEVELOPMENT_TEAM = NSZU4CK89A;
				INFOPLIST_FILE = "EasyBake-UIKitUITests/Info.plist";
				LD_RUNPATH_SEARCH_PATHS = (
					"$(inherited)",
					"@executable_path/Frameworks",
					"@loader_path/Frameworks",
				);
				PRODUCT_BUNDLE_IDENTIFIER = "Uni.EasyBake-UIKitUITests";
				PRODUCT_NAME = "$(TARGET_NAME)";
				SWIFT_VERSION = 5.0;
				TARGETED_DEVICE_FAMILY = "1,2";
				TEST_TARGET_NAME = "EasyBake-UIKit";
			};
			name = Release;
		};
/* End XCBuildConfiguration section */

/* Begin XCConfigurationList section */
		74C043EB25E5DCA100F6555A /* Build configuration list for PBXProject "EasyBake-UIKit" */ = {
			isa = XCConfigurationList;
			buildConfigurations = (
				74C0441B25E5DCA300F6555A /* Debug */,
				74C0441C25E5DCA300F6555A /* Release */,
			);
			defaultConfigurationIsVisible = 0;
			defaultConfigurationName = Release;
		};
		74C0441D25E5DCA300F6555A /* Build configuration list for PBXNativeTarget "EasyBake-UIKit" */ = {
			isa = XCConfigurationList;
			buildConfigurations = (
				74C0441E25E5DCA300F6555A /* Debug */,
				74C0441F25E5DCA300F6555A /* Release */,
			);
			defaultConfigurationIsVisible = 0;
			defaultConfigurationName = Release;
		};
		74C0442025E5DCA300F6555A /* Build configuration list for PBXNativeTarget "EasyBake-UIKitTests" */ = {
			isa = XCConfigurationList;
			buildConfigurations = (
				74C0442125E5DCA300F6555A /* Debug */,
				74C0442225E5DCA300F6555A /* Release */,
			);
			defaultConfigurationIsVisible = 0;
			defaultConfigurationName = Release;
		};
		74C0442325E5DCA300F6555A /* Build configuration list for PBXNativeTarget "EasyBake-UIKitUITests" */ = {
			isa = XCConfigurationList;
			buildConfigurations = (
				74C0442425E5DCA300F6555A /* Debug */,
				74C0442525E5DCA300F6555A /* Release */,
			);
			defaultConfigurationIsVisible = 0;
			defaultConfigurationName = Release;
		};
/* End XCConfigurationList section */

/* Begin XCVersionGroup section */
		74C043FC25E5DCA100F6555A /* EasyBake_UIKit.xcdatamodeld */ = {
			isa = XCVersionGroup;
			children = (
				74C043FD25E5DCA100F6555A /* EasyBake_UIKit.xcdatamodel */,
			);
			currentVersion = 74C043FD25E5DCA100F6555A /* EasyBake_UIKit.xcdatamodel */;
			path = EasyBake_UIKit.xcdatamodeld;
			sourceTree = "<group>";
			versionGroupType = wrapper.xcdatamodel;
		};
/* End XCVersionGroup section */
	};
	rootObject = 74C043E825E5DCA100F6555A /* Project object */;
}
